
Microsoft Visual Studio Solution File, Format Version 12.00
# Visual Studio 15
Project("{FAE04EC0-301F-11D3-BF4B-00C04F79EFBC}") = "UnityEngine.TestRunner", "UnityEngine.TestRunner.csproj", "{3269FF5E-16D3-BFEC-86B0-3B82B6E8FFD6}"
EndProject
Project("{FAE04EC0-301F-11D3-BF4B-00C04F79EFBC}") = "Unity.Timeline", "Unity.Timeline.csproj", "{563026FA-FB28-25B5-D35E-F9A46F25DCC9}"
EndProject
Project("{FAE04EC0-301F-11D3-BF4B-00C04F79EFBC}") = "Unity.TextMeshPro", "Unity.TextMeshPro.csproj", "{43926882-F023-790B-C5EA-28DA37B24EDE}"
EndProject
Project("{FAE04EC0-301F-11D3-BF4B-00C04F79EFBC}") = "Assembly-CSharp", "Assembly-CSharp.csproj", "{119BACAE-8A48-B3BB-023C-C625B9C213D5}"
EndProject
Project("{FAE04EC0-301F-11D3-BF4B-00C04F79EFBC}") = "UnityEditor.TestRunner", "UnityEditor.TestRunner.csproj", "{DC85C30C-D651-1304-A294-87F1FD09C273}"
EndProject
Project("{FAE04EC0-301F-11D3-BF4B-00C04F79EFBC}") = "Unity.PlasticSCM.Editor", "Unity.PlasticSCM.Editor.csproj", "{4B898349-12EB-CA58-2BBD-B4BFC8D3F0BD}"
EndProject
Project("{FAE04EC0-301F-11D3-BF4B-00C04F79EFBC}") = "Unity.Timeline.Editor", "Unity.Timeline.Editor.csproj", "{3E304356-D0D2-CACA-EF99-72F91D51E0C2}"
EndProject
Project("{FAE04EC0-301F-11D3-BF4B-00C04F79EFBC}") = "Unity.VisualStudio.Editor", "Unity.VisualStudio.Editor.csproj", "{28C1781A-6383-4CF7-A521-9E0D3CB59B7A}"
EndProject
Project("{FAE04EC0-301F-11D3-BF4B-00C04F79EFBC}") = "Unity.TextMeshPro.Editor", "Unity.TextMeshPro.Editor.csproj", "{F52F7EBF-58BC-0DEF-66FA-27CB59B7C67B}"
EndProject
Project("{FAE04EC0-301F-11D3-BF4B-00C04F79EFBC}") = "Unity.CollabProxy.Editor", "Unity.CollabProxy.Editor.csproj", "{96062B8F-0DFE-1EA1-7574-0E6FA8E80CBF}"
EndProject
Project("{FAE04EC0-301F-11D3-BF4B-00C04F79EFBC}") = "Unity.Rider.Editor", "Unity.Rider.Editor.csproj", "{CA754FFD-E645-2E30-AAF6-E55C7C8EEF54}"
EndProject
Project("{FAE04EC0-301F-11D3-BF4B-00C04F79EFBC}") = "Unity.VSCode.Editor", "Unity.VSCode.Editor.csproj", "{B0DF75DE-4B77-3159-1B50-2D0E2AC4ED82}"
EndProject
Global
	GlobalSection(SolutionConfigurationPlatforms) = preSolution
		Debug|Any CPU = Debug|Any CPU
		Release|Any CPU = Release|Any CPU
	EndGlobalSection
	GlobalSection(ProjectConfigurationPlatforms) = postSolution
		{3269FF5E-16D3-BFEC-86B0-3B82B6E8FFD6}.Debug|Any CPU.ActiveCfg = Debug|Any CPU
		{3269FF5E-16D3-BFEC-86B0-3B82B6E8FFD6}.Debug|Any CPU.Build.0 = Debug|Any CPU
		{3269FF5E-16D3-BFEC-86B0-3B82B6E8FFD6}.Release|Any CPU.ActiveCfg = Release|Any CPU
		{3269FF5E-16D3-BFEC-86B0-3B82B6E8FFD6}.Release|Any CPU.Build.0 = Release|Any CPU
		{563026FA-FB28-25B5-D35E-F9A46F25DCC9}.Debug|Any CPU.ActiveCfg = Debug|Any CPU
		{563026FA-FB28-25B5-D35E-F9A46F25DCC9}.Debug|Any CPU.Build.0 = Debug|Any CPU
		{563026FA-FB28-25B5-D35E-F9A46F25DCC9}.Release|Any CPU.ActiveCfg = Release|Any CPU
		{563026FA-FB28-25B5-D35E-F9A46F25DCC9}.Release|Any CPU.Build.0 = Release|Any CPU
		{43926882-F023-790B-C5EA-28DA37B24EDE}.Debug|Any CPU.ActiveCfg = Debug|Any CPU
		{43926882-F023-790B-C5EA-28DA37B24EDE}.Debug|Any CPU.Build.0 = Debug|Any CPU
		{43926882-F023-790B-C5EA-28DA37B24EDE}.Release|Any CPU.ActiveCfg = Release|Any CPU
		{43926882-F023-790B-C5EA-28DA37B24EDE}.Release|Any CPU.Build.0 = Release|Any CPU
		{119BACAE-8A48-B3BB-023C-C625B9C213D5}.Debug|Any CPU.ActiveCfg = Debug|Any CPU
		{119BACAE-8A48-B3BB-023C-C625B9C213D5}.Debug|Any CPU.Build.0 = Debug|Any CPU
		{119BACAE-8A48-B3BB-023C-C625B9C213D5}.Release|Any CPU.ActiveCfg = Release|Any CPU
		{119BACAE-8A48-B3BB-023C-C625B9C213D5}.Release|Any CPU.Build.0 = Release|Any CPU
		{DC85C30C-D651-1304-A294-87F1FD09C273}.Debug|Any CPU.ActiveCfg = Debug|Any CPU
		{DC85C30C-D651-1304-A294-87F1FD09C273}.Debug|Any CPU.Build.0 = Debug|Any CPU
		{DC85C30C-D651-1304-A294-87F1FD09C273}.Release|Any CPU.ActiveCfg = Release|Any CPU
		{DC85C30C-D651-1304-A294-87F1FD09C273}.Release|Any CPU.Build.0 = Release|Any CPU
		{4B898349-12EB-CA58-2BBD-B4BFC8D3F0BD}.Debug|Any CPU.ActiveCfg = Debug|Any CPU
		{4B898349-12EB-CA58-2BBD-B4BFC8D3F0BD}.Debug|Any CPU.Build.0 = Debug|Any CPU
		{4B898349-12EB-CA58-2BBD-B4BFC8D3F0BD}.Release|Any CPU.ActiveCfg = Release|Any CPU
		{4B898349-12EB-CA58-2BBD-B4BFC8D3F0BD}.Release|Any CPU.Build.0 = Release|Any CPU
		{3E304356-D0D2-CACA-EF99-72F91D51E0C2}.Debug|Any CPU.ActiveCfg = Debug|Any CPU
		{3E304356-D0D2-CACA-EF99-72F91D51E0C2}.Debug|Any CPU.Build.0 = Debug|Any CPU
		{3E304356-D0D2-CACA-EF99-72F91D51E0C2}.Release|Any CPU.ActiveCfg = Release|Any CPU
		{3E304356-D0D2-CACA-EF99-72F91D51E0C2}.Release|Any CPU.Build.0 = Release|Any CPU
		{28C1781A-6383-4CF7-A521-9E0D3CB59B7A}.Debug|Any CPU.ActiveCfg = Debug|Any CPU
		{28C1781A-6383-4CF7-A521-9E0D3CB59B7A}.Debug|Any CPU.Build.0 = Debug|Any CPU
		{28C1781A-6383-4CF7-A521-9E0D3CB59B7A}.Release|Any CPU.ActiveCfg = Release|Any CPU
		{28C1781A-6383-4CF7-A521-9E0D3CB59B7A}.Release|Any CPU.Build.0 = Release|Any CPU
		{F52F7EBF-58BC-0DEF-66FA-27CB59B7C67B}.Debug|Any CPU.ActiveCfg = Debug|Any CPU
		{F52F7EBF-58BC-0DEF-66FA-27CB59B7C67B}.Debug|Any CPU.Build.0 = Debug|Any CPU
		{F52F7EBF-58BC-0DEF-66FA-27CB59B7C67B}.Release|Any CPU.ActiveCfg = Release|Any CPU
		{F52F7EBF-58BC-0DEF-66FA-27CB59B7C67B}.Release|Any CPU.Build.0 = Release|Any CPU
		{96062B8F-0DFE-1EA1-7574-0E6FA8E80CBF}.Debug|Any CPU.ActiveCfg = Debug|Any CPU
		{96062B8F-0DFE-1EA1-7574-0E6FA8E80CBF}.Debug|Any CPU.Build.0 = Debug|Any CPU
		{96062B8F-0DFE-1EA1-7574-0E6FA8E80CBF}.Release|Any CPU.ActiveCfg = Release|Any CPU
		{96062B8F-0DFE-1EA1-7574-0E6FA8E80CBF}.Release|Any CPU.Build.0 = Release|Any CPU
		{CA754FFD-E645-2E30-AAF6-E55C7C8EEF54}.Debug|Any CPU.ActiveCfg = Debug|Any CPU
		{CA754FFD-E645-2E30-AAF6-E55C7C8EEF54}.Debug|Any CPU.Build.0 = Debug|Any CPU
		{CA754FFD-E645-2E30-AAF6-E55C7C8EEF54}.Release|Any CPU.ActiveCfg = Release|Any CPU
		{CA754FFD-E645-2E30-AAF6-E55C7C8EEF54}.Release|Any CPU.Build.0 = Release|Any CPU
		{B0DF75DE-4B77-3159-1B50-2D0E2AC4ED82}.Debug|Any CPU.ActiveCfg = Debug|Any CPU
		{B0DF75DE-4B77-3159-1B50-2D0E2AC4ED82}.Debug|Any CPU.Build.0 = Debug|Any CPU
		{B0DF75DE-4B77-3159-1B50-2D0E2AC4ED82}.Release|Any CPU.ActiveCfg = Release|Any CPU
		{B0DF75DE-4B77-3159-1B50-2D0E2AC4ED82}.Release|Any CPU.Build.0 = Release|Any CPU
	EndGlobalSection
	GlobalSection(SolutionProperties) = preSolution
		HideSolutionNode = FALSE
	EndGlobalSection
EndGlobal
